
Microsoft Visual Studio Solution File, Format Version 12.00
# Visual Studio Version 17
VisualStudioVersion = 17.0.32112.339
MinimumVisualStudioVersion = 10.0.40219.1
Project("{E24C65DC-7377-472B-9ABA-BC803B73C61A}") = "Employee list Assignment", "Employee list Assignment\", "{14A57463-99FE-4CD4-AAE9-473B2D3F75E6}"
	ProjectSection(WebsiteProperties) = preProject
		TargetFrameworkMoniker = ".NETFramework,Version%3Dv4.7.2"
		Debug.AspNetCompiler.VirtualPath = "/localhost_30633"
		Debug.AspNetCompiler.PhysicalPath = "Employee list Assignment\"
		Debug.AspNetCompiler.TargetPath = "PrecompiledWeb\localhost_30633\"
		Debug.AspNetCompiler.Updateable = "true"
		Debug.AspNetCompiler.ForceOverwrite = "true"
		Debug.AspNetCompiler.FixedNames = "false"
		Debug.AspNetCompiler.Debug = "True"
		Release.AspNetCompiler.VirtualPath = "/localhost_30633"
		Release.AspNetCompiler.PhysicalPath = "Employee list Assignment\"
		Release.AspNetCompiler.TargetPath = "PrecompiledWeb\localhost_30633\"
		Release.AspNetCompiler.Updateable = "true"
		Release.AspNetCompiler.ForceOverwrite = "true"
		Release.AspNetCompiler.FixedNames = "false"
		Release.AspNetCompiler.Debug = "False"
		VWDPort = "30633"
		SlnRelativePath = "Employee list Assignment\"
		DefaultWebSiteLanguage = "Visual C#"
	EndProjectSection
EndProject
Global
	GlobalSection(SolutionConfigurationPlatforms) = preSolution
		Debug|Any CPU = Debug|Any CPU
	EndGlobalSection
	GlobalSection(ProjectConfigurationPlatforms) = postSolution
		{14A57463-99FE-4CD4-AAE9-473B2D3F75E6}.Debug|Any CPU.ActiveCfg = Debug|Any CPU
		{14A57463-99FE-4CD4-AAE9-473B2D3F75E6}.Debug|Any CPU.Build.0 = Debug|Any CPU
	EndGlobalSection
	GlobalSection(SolutionProperties) = preSolution
		HideSolutionNode = FALSE
	EndGlobalSection
	GlobalSection(ExtensibilityGlobals) = postSolution
		SolutionGuid = {1AD914C2-FA0D-461E-B733-2137D4089CF2}
	EndGlobalSection
EndGlobal
